
Microsoft Visual Studio Solution File, Format Version 12.00
# Visual Studio Version 17
VisualStudioVersion = 17.10.34916.146
MinimumVisualStudioVersion = 10.0.40219.1
Project("{FAE04EC0-301F-11D3-BF4B-00C04F79EFBC}") = "GDPR Non-compliant Detector", "GDPR Non-compliant Detector.csproj", "{42462CC7-CC95-4833-A563-2DBEAF24F031}"
EndProject
Global
	GlobalSection(SolutionConfigurationPlatforms) = preSolution
		Debug|Any CPU = Debug|Any CPU
		Release|Any CPU = Release|Any CPU
	EndGlobalSection
	GlobalSection(ProjectConfigurationPlatforms) = postSolution
		{42462CC7-CC95-4833-A563-2DBEAF24F031}.Debug|Any CPU.ActiveCfg = Debug|Any CPU
		{42462CC7-CC95-4833-A563-2DBEAF24F031}.Debug|Any CPU.Build.0 = Debug|Any CPU
		{42462CC7-CC95-4833-A563-2DBEAF24F031}.Debug|Any CPU.Deploy.0 = Debug|Any CPU
		{42462CC7-CC95-4833-A563-2DBEAF24F031}.Release|Any CPU.ActiveCfg = Release|Any CPU
		{42462CC7-CC95-4833-A563-2DBEAF24F031}.Release|Any CPU.Build.0 = Release|Any CPU
		{42462CC7-CC95-4833-A563-2DBEAF24F031}.Release|Any CPU.Deploy.0 = Release|Any CPU
	EndGlobalSection
	GlobalSection(SolutionProperties) = preSolution
		HideSolutionNode = FALSE
	EndGlobalSection
	GlobalSection(ExtensibilityGlobals) = postSolution
		SolutionGuid = {7895B33F-6D82-4926-8FC0-B89E338F333E}
	EndGlobalSection
EndGlobal
